
Microsoft Visual Studio Solution File, Format Version 12.00
# Visual Studio Version 16
VisualStudioVersion = 16.0.31624.102
MinimumVisualStudioVersion = 10.0.40219.1
Project("{9A19103F-16F7-4668-BE54-9A1E7A4F7556}") = "Prague_Parking_2.0", "Prague_Parking_2.0\Prague_Parking_2.0.csproj", "{118B6C36-8995-43FD-871F-EC7BBB079415}"
EndProject
Project("{FAE04EC0-301F-11D3-BF4B-00C04F79EFBC}") = "Prague_Parking_2.1", "Prague_Parking_2.1\Prague_Parking_2.1.csproj", "{83243552-594A-400E-84BE-41BD8FFE5DD8}"
EndProject
Global
	GlobalSection(SolutionConfigurationPlatforms) = preSolution
		Debug|Any CPU = Debug|Any CPU
		Release|Any CPU = Release|Any CPU
	EndGlobalSection
	GlobalSection(ProjectConfigurationPlatforms) = postSolution
		{118B6C36-8995-43FD-871F-EC7BBB079415}.Debug|Any CPU.ActiveCfg = Debug|Any CPU
		{118B6C36-8995-43FD-871F-EC7BBB079415}.Debug|Any CPU.Build.0 = Debug|Any CPU
		{118B6C36-8995-43FD-871F-EC7BBB079415}.Release|Any CPU.ActiveCfg = Release|Any CPU
		{118B6C36-8995-43FD-871F-EC7BBB079415}.Release|Any CPU.Build.0 = Release|Any CPU
		{83243552-594A-400E-84BE-41BD8FFE5DD8}.Debug|Any CPU.ActiveCfg = Debug|Any CPU
		{83243552-594A-400E-84BE-41BD8FFE5DD8}.Debug|Any CPU.Build.0 = Debug|Any CPU
		{83243552-594A-400E-84BE-41BD8FFE5DD8}.Release|Any CPU.ActiveCfg = Release|Any CPU
		{83243552-594A-400E-84BE-41BD8FFE5DD8}.Release|Any CPU.Build.0 = Release|Any CPU
	EndGlobalSection
	GlobalSection(SolutionProperties) = preSolution
		HideSolutionNode = FALSE
	EndGlobalSection
	GlobalSection(ExtensibilityGlobals) = postSolution
		SolutionGuid = {8C43E043-0F0A-46B5-A715-4D4C82200AC6}
	EndGlobalSection
EndGlobal
